// !$*UTF8*$!
{
	archiveVersion = 1;
	classes = {
	};
	objectVersion = 50;
	objects = {

/* Begin PBXBuildFile section */
		B6D79087F40D80B0319F84F6 /* Pods_Dreva.framework in Frameworks */ = {isa = PBXBuildFile; fileRef = ED5F37B8C5A25A667CB3687F /* Pods_Dreva.framework */; };
		B9D276D88879073916F9626C /* Pods_DrevaUITests.framework in Frameworks */ = {isa = PBXBuildFile; fileRef = 1F6B5E5D7EA9D9815F6C5057 /* Pods_DrevaUITests.framework */; };
		DB6769527C55FD8A1D3FDD51 /* Pods_DrevaTests.framework in Frameworks */ = {isa = PBXBuildFile; fileRef = 5C4FD282C20D1C963B216259 /* Pods_DrevaTests.framework */; };
		E477C4EC20A9B9CE0011DFEF /* AppDelegate.swift in Sources */ = {isa = PBXBuildFile; fileRef = E477C4EB20A9B9CE0011DFEF /* AppDelegate.swift */; };
		E477C4EE20A9B9CE0011DFEF /* ViewController.swift in Sources */ = {isa = PBXBuildFile; fileRef = E477C4ED20A9B9CE0011DFEF /* ViewController.swift */; };
		E477C4F120A9B9CE0011DFEF /* Main.storyboard in Resources */ = {isa = PBXBuildFile; fileRef = E477C4EF20A9B9CE0011DFEF /* Main.storyboard */; };
		E477C4F420A9B9CE0011DFEF /* Dreva.xcdatamodeld in Sources */ = {isa = PBXBuildFile; fileRef = E477C4F220A9B9CE0011DFEF /* Dreva.xcdatamodeld */; };
		E477C4F620A9B9CE0011DFEF /* Assets.xcassets in Resources */ = {isa = PBXBuildFile; fileRef = E477C4F520A9B9CE0011DFEF /* Assets.xcassets */; };
		E477C4F920A9B9CE0011DFEF /* LaunchScreen.storyboard in Resources */ = {isa = PBXBuildFile; fileRef = E477C4F720A9B9CE0011DFEF /* LaunchScreen.storyboard */; };
		E477C50420A9B9CE0011DFEF /* DrevaTests.swift in Sources */ = {isa = PBXBuildFile; fileRef = E477C50320A9B9CE0011DFEF /* DrevaTests.swift */; };
		E477C50F20A9B9CE0011DFEF /* DrevaUITests.swift in Sources */ = {isa = PBXBuildFile; fileRef = E477C50E20A9B9CE0011DFEF /* DrevaUITests.swift */; };
		E477C51E20A9B9F10011DFEF /* CoreLocation.framework in Frameworks */ = {isa = PBXBuildFile; fileRef = E477C51D20A9B9F10011DFEF /* CoreLocation.framework */; };
		E477C52020A9B9FC0011DFEF /* MapKit.framework in Frameworks */ = {isa = PBXBuildFile; fileRef = E477C51F20A9B9FC0011DFEF /* MapKit.framework */; };
		E4C02DE220C3925800411351 /* GoogleService-Info.plist in Resources */ = {isa = PBXBuildFile; fileRef = E4C02DE120C3925800411351 /* GoogleService-Info.plist */; };
/* End PBXBuildFile section */

/* Begin PBXContainerItemProxy section */
		E477C50020A9B9CE0011DFEF /* PBXContainerItemProxy */ = {
			isa = PBXContainerItemProxy;
			containerPortal = E477C4E020A9B9CE0011DFEF /* Project object */;
			proxyType = 1;
			remoteGlobalIDString = E477C4E720A9B9CE0011DFEF;
			remoteInfo = Dreva;
		};
		E477C50B20A9B9CE0011DFEF /* PBXContainerItemProxy */ = {
			isa = PBXContainerItemProxy;
			containerPortal = E477C4E020A9B9CE0011DFEF /* Project object */;
			proxyType = 1;
			remoteGlobalIDString = E477C4E720A9B9CE0011DFEF;
			remoteInfo = Dreva;
		};
/* End PBXContainerItemProxy section */

/* Begin PBXFileReference section */
		1F6B5E5D7EA9D9815F6C5057 /* Pods_DrevaUITests.framework */ = {isa = PBXFileReference; explicitFileType = wrapper.framework; includeInIndex = 0; path = Pods_DrevaUITests.framework; sourceTree = BUILT_PRODUCTS_DIR; };
		5C4FD282C20D1C963B216259 /* Pods_DrevaTests.framework */ = {isa = PBXFileReference; explicitFileType = wrapper.framework; includeInIndex = 0; path = Pods_DrevaTests.framework; sourceTree = BUILT_PRODUCTS_DIR; };
		5FE2FD5BFBF456A1DB1C60AF /* Pods-DrevaTests.release.xcconfig */ = {isa = PBXFileReference; includeInIndex = 1; lastKnownFileType = text.xcconfig; name = "Pods-DrevaTests.release.xcconfig"; path = "Pods/Target Support Files/Pods-DrevaTests/Pods-DrevaTests.release.xcconfig"; sourceTree = "<group>"; };
		720C5F16304884992C1BA82D /* Pods-Dreva.release.xcconfig */ = {isa = PBXFileReference; includeInIndex = 1; lastKnownFileType = text.xcconfig; name = "Pods-Dreva.release.xcconfig"; path = "Pods/Target Support Files/Pods-Dreva/Pods-Dreva.release.xcconfig"; sourceTree = "<group>"; };
		C7FB8A8D2FFF69ACC40A82C0 /* Pods-DrevaUITests.debug.xcconfig */ = {isa = PBXFileReference; includeInIndex = 1; lastKnownFileType = text.xcconfig; name = "Pods-DrevaUITests.debug.xcconfig"; path = "Pods/Target Support Files/Pods-DrevaUITests/Pods-DrevaUITests.debug.xcconfig"; sourceTree = "<group>"; };
		D7EE879CE7CE27C7C63A3C9B /* Pods-DrevaTests.debug.xcconfig */ = {isa = PBXFileReference; includeInIndex = 1; lastKnownFileType = text.xcconfig; name = "Pods-DrevaTests.debug.xcconfig"; path = "Pods/Target Support Files/Pods-DrevaTests/Pods-DrevaTests.debug.xcconfig"; sourceTree = "<group>"; };
		D960F3DB60D353095174AFA0 /* Pods-DrevaUITests.release.xcconfig */ = {isa = PBXFileReference; includeInIndex = 1; lastKnownFileType = text.xcconfig; name = "Pods-DrevaUITests.release.xcconfig"; path = "Pods/Target Support Files/Pods-DrevaUITests/Pods-DrevaUITests.release.xcconfig"; sourceTree = "<group>"; };
		E477C4E820A9B9CE0011DFEF /* Dreva.app */ = {isa = PBXFileReference; explicitFileType = wrapper.application; includeInIndex = 0; path = Dreva.app; sourceTree = BUILT_PRODUCTS_DIR; };
		E477C4EB20A9B9CE0011DFEF /* AppDelegate.swift */ = {isa = PBXFileReference; lastKnownFileType = sourcecode.swift; path = AppDelegate.swift; sourceTree = "<group>"; };
		E477C4ED20A9B9CE0011DFEF /* ViewController.swift */ = {isa = PBXFileReference; lastKnownFileType = sourcecode.swift; path = ViewController.swift; sourceTree = "<group>"; };
		E477C4F020A9B9CE0011DFEF /* Base */ = {isa = PBXFileReference; lastKnownFileType = file.storyboard; name = Base; path = Base.lproj/Main.storyboard; sourceTree = "<group>"; };
		E477C4F320A9B9CE0011DFEF /* Dreva.xcdatamodel */ = {isa = PBXFileReference; lastKnownFileType = wrapper.xcdatamodel; path = Dreva.xcdatamodel; sourceTree = "<group>"; };
		E477C4F520A9B9CE0011DFEF /* Assets.xcassets */ = {isa = PBXFileReference; lastKnownFileType = folder.assetcatalog; path = Assets.xcassets; sourceTree = "<group>"; };
		E477C4F820A9B9CE0011DFEF /* Base */ = {isa = PBXFileReference; lastKnownFileType = file.storyboard; name = Base; path = Base.lproj/LaunchScreen.storyboard; sourceTree = "<group>"; };
		E477C4FA20A9B9CE0011DFEF /* Info.plist */ = {isa = PBXFileReference; lastKnownFileType = text.plist.xml; path = Info.plist; sourceTree = "<group>"; };
		E477C4FF20A9B9CE0011DFEF /* DrevaTests.xctest */ = {isa = PBXFileReference; explicitFileType = wrapper.cfbundle; includeInIndex = 0; path = DrevaTests.xctest; sourceTree = BUILT_PRODUCTS_DIR; };
		E477C50320A9B9CE0011DFEF /* DrevaTests.swift */ = {isa = PBXFileReference; lastKnownFileType = sourcecode.swift; path = DrevaTests.swift; sourceTree = "<group>"; };
		E477C50520A9B9CE0011DFEF /* Info.plist */ = {isa = PBXFileReference; lastKnownFileType = text.plist.xml; path = Info.plist; sourceTree = "<group>"; };
		E477C50A20A9B9CE0011DFEF /* DrevaUITests.xctest */ = {isa = PBXFileReference; explicitFileType = wrapper.cfbundle; includeInIndex = 0; path = DrevaUITests.xctest; sourceTree = BUILT_PRODUCTS_DIR; };
		E477C50E20A9B9CE0011DFEF /* DrevaUITests.swift */ = {isa = PBXFileReference; lastKnownFileType = sourcecode.swift; path = DrevaUITests.swift; sourceTree = "<group>"; };
		E477C51020A9B9CE0011DFEF /* Info.plist */ = {isa = PBXFileReference; lastKnownFileType = text.plist.xml; path = Info.plist; sourceTree = "<group>"; };
		E477C51D20A9B9F10011DFEF /* CoreLocation.framework */ = {isa = PBXFileReference; lastKnownFileType = wrapper.framework; name = CoreLocation.framework; path = System/Library/Frameworks/CoreLocation.framework; sourceTree = SDKROOT; };
		E477C51F20A9B9FC0011DFEF /* MapKit.framework */ = {isa = PBXFileReference; lastKnownFileType = wrapper.framework; name = MapKit.framework; path = System/Library/Frameworks/MapKit.framework; sourceTree = SDKROOT; };
		E4C02DE120C3925800411351 /* GoogleService-Info.plist */ = {isa = PBXFileReference; fileEncoding = 4; lastKnownFileType = text.plist.xml; path = "GoogleService-Info.plist"; sourceTree = "<group>"; };
		ED5F37B8C5A25A667CB3687F /* Pods_Dreva.framework */ = {isa = PBXFileReference; explicitFileType = wrapper.framework; includeInIndex = 0; path = Pods_Dreva.framework; sourceTree = BUILT_PRODUCTS_DIR; };
		FE44CCA69BDE35BF8A74142D /* Pods-Dreva.debug.xcconfig */ = {isa = PBXFileReference; includeInIndex = 1; lastKnownFileType = text.xcconfig; name = "Pods-Dreva.debug.xcconfig"; path = "Pods/Target Support Files/Pods-Dreva/Pods-Dreva.debug.xcconfig"; sourceTree = "<group>"; };
/* End PBXFileReference section */

/* Begin PBXFrameworksBuildPhase section */
		E477C4E520A9B9CE0011DFEF /* Frameworks */ = {
			isa = PBXFrameworksBuildPhase;
			buildActionMask = 2147483647;
			files = (
				E477C52020A9B9FC0011DFEF /* MapKit.framework in Frameworks */,
				E477C51E20A9B9F10011DFEF /* CoreLocation.framework in Frameworks */,
				B6D79087F40D80B0319F84F6 /* Pods_Dreva.framework in Frameworks */,
			);
			runOnlyForDeploymentPostprocessing = 0;
		};
		E477C4FC20A9B9CE0011DFEF /* Frameworks */ = {
			isa = PBXFrameworksBuildPhase;
			buildActionMask = 2147483647;
			files = (
				DB6769527C55FD8A1D3FDD51 /* Pods_DrevaTests.framework in Frameworks */,
			);
			runOnlyForDeploymentPostprocessing = 0;
		};
		E477C50720A9B9CE0011DFEF /* Frameworks */ = {
			isa = PBXFrameworksBuildPhase;
			buildActionMask = 2147483647;
			files = (
				B9D276D88879073916F9626C /* Pods_DrevaUITests.framework in Frameworks */,
			);
			runOnlyForDeploymentPostprocessing = 0;
		};
/* End PBXFrameworksBuildPhase section */

/* Begin PBXGroup section */
		E477C4DF20A9B9CE0011DFEF = {
			isa = PBXGroup;
			children = (
				E477C4EA20A9B9CE0011DFEF /* Dreva */,
				E477C50220A9B9CE0011DFEF /* DrevaTests */,
				E477C50D20A9B9CE0011DFEF /* DrevaUITests */,
				E477C4E920A9B9CE0011DFEF /* Products */,
				E477C51C20A9B9F00011DFEF /* Frameworks */,
				EBCA01321470EB519DE64F5E /* Pods */,
			);
			sourceTree = "<group>";
		};
		E477C4E920A9B9CE0011DFEF /* Products */ = {
			isa = PBXGroup;
			children = (
				E477C4E820A9B9CE0011DFEF /* Dreva.app */,
				E477C4FF20A9B9CE0011DFEF /* DrevaTests.xctest */,
				E477C50A20A9B9CE0011DFEF /* DrevaUITests.xctest */,
			);
			name = Products;
			sourceTree = "<group>";
		};
		E477C4EA20A9B9CE0011DFEF /* Dreva */ = {
			isa = PBXGroup;
			children = (
				E477C4EB20A9B9CE0011DFEF /* AppDelegate.swift */,
				E477C4ED20A9B9CE0011DFEF /* ViewController.swift */,
				E477C4EF20A9B9CE0011DFEF /* Main.storyboard */,
				E477C4F520A9B9CE0011DFEF /* Assets.xcassets */,
				E477C4F720A9B9CE0011DFEF /* LaunchScreen.storyboard */,
				E477C4FA20A9B9CE0011DFEF /* Info.plist */,
				E477C4F220A9B9CE0011DFEF /* Dreva.xcdatamodeld */,
				E4C02DE120C3925800411351 /* GoogleService-Info.plist */,
			);
			path = Dreva;
			sourceTree = "<group>";
		};
		E477C50220A9B9CE0011DFEF /* DrevaTests */ = {
			isa = PBXGroup;
			children = (
				E477C50320A9B9CE0011DFEF /* DrevaTests.swift */,
				E477C50520A9B9CE0011DFEF /* Info.plist */,
			);
			path = DrevaTests;
			sourceTree = "<group>";
		};
		E477C50D20A9B9CE0011DFEF /* DrevaUITests */ = {
			isa = PBXGroup;
			children = (
				E477C50E20A9B9CE0011DFEF /* DrevaUITests.swift */,
				E477C51020A9B9CE0011DFEF /* Info.plist */,
			);
			path = DrevaUITests;
			sourceTree = "<group>";
		};
		E477C51C20A9B9F00011DFEF /* Frameworks */ = {
			isa = PBXGroup;
			children = (
				E477C51F20A9B9FC0011DFEF /* MapKit.framework */,
				E477C51D20A9B9F10011DFEF /* CoreLocation.framework */,
				ED5F37B8C5A25A667CB3687F /* Pods_Dreva.framework */,
				5C4FD282C20D1C963B216259 /* Pods_DrevaTests.framework */,
				1F6B5E5D7EA9D9815F6C5057 /* Pods_DrevaUITests.framework */,
			);
			name = Frameworks;
			sourceTree = "<group>";
		};
		EBCA01321470EB519DE64F5E /* Pods */ = {
			isa = PBXGroup;
			children = (
				FE44CCA69BDE35BF8A74142D /* Pods-Dreva.debug.xcconfig */,
				720C5F16304884992C1BA82D /* Pods-Dreva.release.xcconfig */,
				D7EE879CE7CE27C7C63A3C9B /* Pods-DrevaTests.debug.xcconfig */,
				5FE2FD5BFBF456A1DB1C60AF /* Pods-DrevaTests.release.xcconfig */,
				C7FB8A8D2FFF69ACC40A82C0 /* Pods-DrevaUITests.debug.xcconfig */,
				D960F3DB60D353095174AFA0 /* Pods-DrevaUITests.release.xcconfig */,
			);
			name = Pods;
			sourceTree = "<group>";
		};
/* End PBXGroup section */

/* Begin PBXNativeTarget section */
		E477C4E720A9B9CE0011DFEF /* Dreva */ = {
			isa = PBXNativeTarget;
			buildConfigurationList = E477C51320A9B9CE0011DFEF /* Build configuration list for PBXNativeTarget "Dreva" */;
			buildPhases = (
				6991A85BE2AAA7F364987DD3 /* [CP] Check Pods Manifest.lock */,
				E477C4E420A9B9CE0011DFEF /* Sources */,
				E477C4E520A9B9CE0011DFEF /* Frameworks */,
				E477C4E620A9B9CE0011DFEF /* Resources */,
				C291BB343A1436CEC1876388 /* [CP] Embed Pods Frameworks */,
			);
			buildRules = (
			);
			dependencies = (
			);
			name = Dreva;
			productName = Dreva;
			productReference = E477C4E820A9B9CE0011DFEF /* Dreva.app */;
			productType = "com.apple.product-type.application";
		};
		E477C4FE20A9B9CE0011DFEF /* DrevaTests */ = {
			isa = PBXNativeTarget;
			buildConfigurationList = E477C51620A9B9CE0011DFEF /* Build configuration list for PBXNativeTarget "DrevaTests" */;
			buildPhases = (
				3F03070E294B83E5B963845E /* [CP] Check Pods Manifest.lock */,
				E477C4FB20A9B9CE0011DFEF /* Sources */,
				E477C4FC20A9B9CE0011DFEF /* Frameworks */,
				E477C4FD20A9B9CE0011DFEF /* Resources */,
			);
			buildRules = (
			);
			dependencies = (
				E477C50120A9B9CE0011DFEF /* PBXTargetDependency */,
			);
			name = DrevaTests;
			productName = DrevaTests;
			productReference = E477C4FF20A9B9CE0011DFEF /* DrevaTests.xctest */;
			productType = "com.apple.product-type.bundle.unit-test";
		};
		E477C50920A9B9CE0011DFEF /* DrevaUITests */ = {
			isa = PBXNativeTarget;
			buildConfigurationList = E477C51920A9B9CE0011DFEF /* Build configuration list for PBXNativeTarget "DrevaUITests" */;
			buildPhases = (
				102326ADD45B1FAD5803F4D4 /* [CP] Check Pods Manifest.lock */,
				E477C50620A9B9CE0011DFEF /* Sources */,
				E477C50720A9B9CE0011DFEF /* Frameworks */,
				E477C50820A9B9CE0011DFEF /* Resources */,
			);
			buildRules = (
			);
			dependencies = (
				E477C50C20A9B9CE0011DFEF /* PBXTargetDependency */,
			);
			name = DrevaUITests;
			productName = DrevaUITests;
			productReference = E477C50A20A9B9CE0011DFEF /* DrevaUITests.xctest */;
			productType = "com.apple.product-type.bundle.ui-testing";
		};
/* End PBXNativeTarget section */

/* Begin PBXProject section */
		E477C4E020A9B9CE0011DFEF /* Project object */ = {
			isa = PBXProject;
			attributes = {
				LastSwiftUpdateCheck = 0930;
				LastUpgradeCheck = 0930;
				ORGANIZATIONNAME = "Yuan-Pu Hsu";
				TargetAttributes = {
					E477C4E720A9B9CE0011DFEF = {
						CreatedOnToolsVersion = 9.3.1;
						SystemCapabilities = {
							com.apple.BackgroundModes = {
								enabled = 1;
							};
							com.apple.Maps.iOS = {
								enabled = 1;
							};
						};
					};
					E477C4FE20A9B9CE0011DFEF = {
						CreatedOnToolsVersion = 9.3.1;
						TestTargetID = E477C4E720A9B9CE0011DFEF;
					};
					E477C50920A9B9CE0011DFEF = {
						CreatedOnToolsVersion = 9.3.1;
						TestTargetID = E477C4E720A9B9CE0011DFEF;
					};
				};
			};
			buildConfigurationList = E477C4E320A9B9CE0011DFEF /* Build configuration list for PBXProject "Dreva" */;
			compatibilityVersion = "Xcode 9.3";
			developmentRegion = en;
			hasScannedForEncodings = 0;
			knownRegions = (
				en,
				Base,
			);
			mainGroup = E477C4DF20A9B9CE0011DFEF;
			productRefGroup = E477C4E920A9B9CE0011DFEF /* Products */;
			projectDirPath = "";
			projectRoot = "";
			targets = (
				E477C4E720A9B9CE0011DFEF /* Dreva */,
				E477C4FE20A9B9CE0011DFEF /* DrevaTests */,
				E477C50920A9B9CE0011DFEF /* DrevaUITests */,
			);
		};
/* End PBXProject section */

/* Begin PBXResourcesBuildPhase section */
		E477C4E620A9B9CE0011DFEF /* Resources */ = {
			isa = PBXResourcesBuildPhase;
			buildActionMask = 2147483647;
			files = (
				E477C4F920A9B9CE0011DFEF /* LaunchScreen.storyboard in Resources */,
				E4C02DE220C3925800411351 /* GoogleService-Info.plist in Resources */,
				E477C4F620A9B9CE0011DFEF /* Assets.xcassets in Resources */,
				E477C4F120A9B9CE0011DFEF /* Main.storyboard in Resources */,
			);
			runOnlyForDeploymentPostprocessing = 0;
		};
		E477C4FD20A9B9CE0011DFEF /* Resources */ = {
			isa = PBXResourcesBuildPhase;
			buildActionMask = 2147483647;
			files = (
			);
			runOnlyForDeploymentPostprocessing = 0;
		};
		E477C50820A9B9CE0011DFEF /* Resources */ = {
			isa = PBXResourcesBuildPhase;
			buildActionMask = 2147483647;
			files = (
			);
			runOnlyForDeploymentPostprocessing = 0;
		};
/* End PBXResourcesBuildPhase section */

/* Begin PBXShellScriptBuildPhase section */
		102326ADD45B1FAD5803F4D4 /* [CP] Check Pods Manifest.lock */ = {
			isa = PBXShellScriptBuildPhase;
			buildActionMask = 2147483647;
			files = (
			);
			inputPaths = (
				"${PODS_PODFILE_DIR_PATH}/Podfile.lock",
				"${PODS_ROOT}/Manifest.lock",
			);
			name = "[CP] Check Pods Manifest.lock";
			outputPaths = (
				"$(DERIVED_FILE_DIR)/Pods-DrevaUITests-checkManifestLockResult.txt",
			);
			runOnlyForDeploymentPostprocessing = 0;
			shellPath = /bin/sh;
			shellScript = "diff \"${PODS_PODFILE_DIR_PATH}/Podfile.lock\" \"${PODS_ROOT}/Manifest.lock\" > /dev/null\nif [ $? != 0 ] ; then\n    # print error to STDERR\n    echo \"error: The sandbox is not in sync with the Podfile.lock. Run 'pod install' or update your CocoaPods installation.\" >&2\n    exit 1\nfi\n# This output is used by Xcode 'outputs' to avoid re-running this script phase.\necho \"SUCCESS\" > \"${SCRIPT_OUTPUT_FILE_0}\"\n";
			showEnvVarsInLog = 0;
		};
		3F03070E294B83E5B963845E /* [CP] Check Pods Manifest.lock */ = {
			isa = PBXShellScriptBuildPhase;
			buildActionMask = 2147483647;
			files = (
			);
			inputPaths = (
				"${PODS_PODFILE_DIR_PATH}/Podfile.lock",
				"${PODS_ROOT}/Manifest.lock",
			);
			name = "[CP] Check Pods Manifest.lock";
			outputPaths = (
				"$(DERIVED_FILE_DIR)/Pods-DrevaTests-checkManifestLockResult.txt",
			);
			runOnlyForDeploymentPostprocessing = 0;
			shellPath = /bin/sh;
			shellScript = "diff \"${PODS_PODFILE_DIR_PATH}/Podfile.lock\" \"${PODS_ROOT}/Manifest.lock\" > /dev/null\nif [ $? != 0 ] ; then\n    # print error to STDERR\n    echo \"error: The sandbox is not in sync with the Podfile.lock. Run 'pod install' or update your CocoaPods installation.\" >&2\n    exit 1\nfi\n# This output is used by Xcode 'outputs' to avoid re-running this script phase.\necho \"SUCCESS\" > \"${SCRIPT_OUTPUT_FILE_0}\"\n";
			showEnvVarsInLog = 0;
		};
		6991A85BE2AAA7F364987DD3 /* [CP] Check Pods Manifest.lock */ = {
			isa = PBXShellScriptBuildPhase;
			buildActionMask = 2147483647;
			files = (
			);
			inputPaths = (
				"${PODS_PODFILE_DIR_PATH}/Podfile.lock",
				"${PODS_ROOT}/Manifest.lock",
			);
			name = "[CP] Check Pods Manifest.lock";
			outputPaths = (
				"$(DERIVED_FILE_DIR)/Pods-Dreva-checkManifestLockResult.txt",
			);
			runOnlyForDeploymentPostprocessing = 0;
			shellPath = /bin/sh;
			shellScript = "diff \"${PODS_PODFILE_DIR_PATH}/Podfile.lock\" \"${PODS_ROOT}/Manifest.lock\" > /dev/null\nif [ $? != 0 ] ; then\n    # print error to STDERR\n    echo \"error: The sandbox is not in sync with the Podfile.lock. Run 'pod install' or update your CocoaPods installation.\" >&2\n    exit 1\nfi\n# This output is used by Xcode 'outputs' to avoid re-running this script phase.\necho \"SUCCESS\" > \"${SCRIPT_OUTPUT_FILE_0}\"\n";
			showEnvVarsInLog = 0;
		};
		C291BB343A1436CEC1876388 /* [CP] Embed Pods Frameworks */ = {
			isa = PBXShellScriptBuildPhase;
			buildActionMask = 2147483647;
			files = (
			);
			inputPaths = (
				"${SRCROOT}/Pods/Target Support Files/Pods-Dreva/Pods-Dreva-frameworks.sh",
				"${BUILT_PRODUCTS_DIR}/GoogleToolboxForMac/GoogleToolboxForMac.framework",
				"${BUILT_PRODUCTS_DIR}/nanopb/nanopb.framework",
			);
			name = "[CP] Embed Pods Frameworks";
			outputPaths = (
				"${TARGET_BUILD_DIR}/${FRAMEWORKS_FOLDER_PATH}/GoogleToolboxForMac.framework",
				"${TARGET_BUILD_DIR}/${FRAMEWORKS_FOLDER_PATH}/nanopb.framework",
			);
			runOnlyForDeploymentPostprocessing = 0;
			shellPath = /bin/sh;
			shellScript = "\"${SRCROOT}/Pods/Target Support Files/Pods-Dreva/Pods-Dreva-frameworks.sh\"\n";
			showEnvVarsInLog = 0;
		};
/* End PBXShellScriptBuildPhase section */

/* Begin PBXSourcesBuildPhase section */
		E477C4E420A9B9CE0011DFEF /* Sources */ = {
			isa = PBXSourcesBuildPhase;
			buildActionMask = 2147483647;
			files = (
				E477C4EE20A9B9CE0011DFEF /* ViewController.swift in Sources */,
				E477C4EC20A9B9CE0011DFEF /* AppDelegate.swift in Sources */,
				E477C4F420A9B9CE0011DFEF /* Dreva.xcdatamodeld in Sources */,
			);
			runOnlyForDeploymentPostprocessing = 0;
		};
		E477C4FB20A9B9CE0011DFEF /* Sources */ = {
			isa = PBXSourcesBuildPhase;
			buildActionMask = 2147483647;
			files = (
				E477C50420A9B9CE0011DFEF /* DrevaTests.swift in Sources */,
			);
			runOnlyForDeploymentPostprocessing = 0;
		};
		E477C50620A9B9CE0011DFEF /* Sources */ = {
			isa = PBXSourcesBuildPhase;
			buildActionMask = 2147483647;
			files = (
				E477C50F20A9B9CE0011DFEF /* DrevaUITests.swift in Sources */,
			);
			runOnlyForDeploymentPostprocessing = 0;
		};
/* End PBXSourcesBuildPhase section */

/* Begin PBXTargetDependency section */
		E477C50120A9B9CE0011DFEF /* PBXTargetDependency */ = {
			isa = PBXTargetDependency;
			target = E477C4E720A9B9CE0011DFEF /* Dreva */;
			targetProxy = E477C50020A9B9CE0011DFEF /* PBXContainerItemProxy */;
		};
		E477C50C20A9B9CE0011DFEF /* PBXTargetDependency */ = {
			isa = PBXTargetDependency;
			target = E477C4E720A9B9CE0011DFEF /* Dreva */;
			targetProxy = E477C50B20A9B9CE0011DFEF /* PBXContainerItemProxy */;
		};
/* End PBXTargetDependency section */

/* Begin PBXVariantGroup section */
		E477C4EF20A9B9CE0011DFEF /* Main.storyboard */ = {
			isa = PBXVariantGroup;
			children = (
				E477C4F020A9B9CE0011DFEF /* Base */,
			);
			name = Main.storyboard;
			sourceTree = "<group>";
		};
		E477C4F720A9B9CE0011DFEF /* LaunchScreen.storyboard */ = {
			isa = PBXVariantGroup;
			children = (
				E477C4F820A9B9CE0011DFEF /* Base */,
			);
			name = LaunchScreen.storyboard;
			sourceTree = "<group>";
		};
/* End PBXVariantGroup section */

/* Begin XCBuildConfiguration section */
		E477C51120A9B9CE0011DFEF /* Debug */ = {
			isa = XCBuildConfiguration;
			buildSettings = {
				ALWAYS_SEARCH_USER_PATHS = NO;
				CLANG_ANALYZER_NONNULL = YES;
				CLANG_ANALYZER_NUMBER_OBJECT_CONVERSION = YES_AGGRESSIVE;
				CLANG_CXX_LANGUAGE_STANDARD = "gnu++14";
				CLANG_CXX_LIBRARY = "libc++";
				CLANG_ENABLE_MODULES = YES;
				CLANG_ENABLE_OBJC_ARC = YES;
				CLANG_ENABLE_OBJC_WEAK = YES;
				CLANG_WARN_BLOCK_CAPTURE_AUTORELEASING = YES;
				CLANG_WARN_BOOL_CONVERSION = YES;
				CLANG_WARN_COMMA = YES;
				CLANG_WARN_CONSTANT_CONVERSION = YES;
				CLANG_WARN_DEPRECATED_OBJC_IMPLEMENTATIONS = YES;
				CLANG_WARN_DIRECT_OBJC_ISA_USAGE = YES_ERROR;
				CLANG_WARN_DOCUMENTATION_COMMENTS = YES;
				CLANG_WARN_EMPTY_BODY = YES;
				CLANG_WARN_ENUM_CONVERSION = YES;
				CLANG_WARN_INFINITE_RECURSION = YES;
				CLANG_WARN_INT_CONVERSION = YES;
				CLANG_WARN_NON_LITERAL_NULL_CONVERSION = YES;
				CLANG_WARN_OBJC_IMPLICIT_RETAIN_SELF = YES;
				CLANG_WARN_OBJC_LITERAL_CONVERSION = YES;
				CLANG_WARN_OBJC_ROOT_CLASS = YES_ERROR;
				CLANG_WARN_RANGE_LOOP_ANALYSIS = YES;
				CLANG_WARN_STRICT_PROTOTYPES = YES;
				CLANG_WARN_SUSPICIOUS_MOVE = YES;
				CLANG_WARN_UNGUARDED_AVAILABILITY = YES_AGGRESSIVE;
				CLANG_WARN_UNREACHABLE_CODE = YES;
				CLANG_WARN__DUPLICATE_METHOD_MATCH = YES;
				CODE_SIGN_IDENTITY = "iPhone Developer";
				COPY_PHASE_STRIP = NO;
				DEBUG_INFORMATION_FORMAT = dwarf;
				ENABLE_STRICT_OBJC_MSGSEND = YES;
				ENABLE_TESTABILITY = YES;
				GCC_C_LANGUAGE_STANDARD = gnu11;
				GCC_DYNAMIC_NO_PIC = NO;
				GCC_NO_COMMON_BLOCKS = YES;
				GCC_OPTIMIZATION_LEVEL = 0;
				GCC_PREPROCESSOR_DEFINITIONS = (
					"DEBUG=1",
					"$(inherited)",
				);
				GCC_WARN_64_TO_32_BIT_CONVERSION = YES;
				GCC_WARN_ABOUT_RETURN_TYPE = YES_ERROR;
				GCC_WARN_UNDECLARED_SELECTOR = YES;
				GCC_WARN_UNINITIALIZED_AUTOS = YES_AGGRESSIVE;
				GCC_WARN_UNUSED_FUNCTION = YES;
				GCC_WARN_UNUSED_VARIABLE = YES;
				IPHONEOS_DEPLOYMENT_TARGET = 11.3;
				MTL_ENABLE_DEBUG_INFO = YES;
				ONLY_ACTIVE_ARCH = YES;
				SDKROOT = iphoneos;
				SWIFT_ACTIVE_COMPILATION_CONDITIONS = DEBUG;
				SWIFT_OPTIMIZATION_LEVEL = "-Onone";
			};
			name = Debug;
		};
		E477C51220A9B9CE0011DFEF /* Release */ = {
			isa = XCBuildConfiguration;
			buildSettings = {
				ALWAYS_SEARCH_USER_PATHS = NO;
				CLANG_ANALYZER_NONNULL = YES;
				CLANG_ANALYZER_NUMBER_OBJECT_CONVERSION = YES_AGGRESSIVE;
				CLANG_CXX_LANGUAGE_STANDARD = "gnu++14";
				CLANG_CXX_LIBRARY = "libc++";
				CLANG_ENABLE_MODULES = YES;
				CLANG_ENABLE_OBJC_ARC = YES;
				CLANG_ENABLE_OBJC_WEAK = YES;
				CLANG_WARN_BLOCK_CAPTURE_AUTORELEASING = YES;
				CLANG_WARN_BOOL_CONVERSION = YES;
				CLANG_WARN_COMMA = YES;
				CLANG_WARN_CONSTANT_CONVERSION = YES;
				CLANG_WARN_DEPRECATED_OBJC_IMPLEMENTATIONS = YES;
				CLANG_WARN_DIRECT_OBJC_ISA_USAGE = YES_ERROR;
				CLANG_WARN_DOCUMENTATION_COMMENTS = YES;
				CLANG_WARN_EMPTY_BODY = YES;
				CLANG_WARN_ENUM_CONVERSION = YES;
				CLANG_WARN_INFINITE_RECURSION = YES;
				CLANG_WARN_INT_CONVERSION = YES;
				CLANG_WARN_NON_LITERAL_NULL_CONVERSION = YES;
				CLANG_WARN_OBJC_IMPLICIT_RETAIN_SELF = YES;
				CLANG_WARN_OBJC_LITERAL_CONVERSION = YES;
				CLANG_WARN_OBJC_ROOT_CLASS = YES_ERROR;
				CLANG_WARN_RANGE_LOOP_ANALYSIS = YES;
				CLANG_WARN_STRICT_PROTOTYPES = YES;
				CLANG_WARN_SUSPICIOUS_MOVE = YES;
				CLANG_WARN_UNGUARDED_AVAILABILITY = YES_AGGRESSIVE;
				CLANG_WARN_UNREACHABLE_CODE = YES;
				CLANG_WARN__DUPLICATE_METHOD_MATCH = YES;
				CODE_SIGN_IDENTITY = "iPhone Developer";
				COPY_PHASE_STRIP = NO;
				DEBUG_INFORMATION_FORMAT = "dwarf-with-dsym";
				ENABLE_NS_ASSERTIONS = NO;
				ENABLE_STRICT_OBJC_MSGSEND = YES;
				GCC_C_LANGUAGE_STANDARD = gnu11;
				GCC_NO_COMMON_BLOCKS = YES;
				GCC_WARN_64_TO_32_BIT_CONVERSION = YES;
				GCC_WARN_ABOUT_RETURN_TYPE = YES_ERROR;
				GCC_WARN_UNDECLARED_SELECTOR = YES;
				GCC_WARN_UNINITIALIZED_AUTOS = YES_AGGRESSIVE;
				GCC_WARN_UNUSED_FUNCTION = YES;
				GCC_WARN_UNUSED_VARIABLE = YES;
				IPHONEOS_DEPLOYMENT_TARGET = 11.3;
				MTL_ENABLE_DEBUG_INFO = NO;
				SDKROOT = iphoneos;
				SWIFT_COMPILATION_MODE = wholemodule;
				SWIFT_OPTIMIZATION_LEVEL = "-O";
				VALIDATE_PRODUCT = YES;
			};
			name = Release;
		};
		E477C51420A9B9CE0011DFEF /* Debug */ = {
			isa = XCBuildConfiguration;
			baseConfigurationReference = FE44CCA69BDE35BF8A74142D /* Pods-Dreva.debug.xcconfig */;
			buildSettings = {
				ASSETCATALOG_COMPILER_APPICON_NAME = AppIcon;
				CODE_SIGN_STYLE = Automatic;
				DEVELOPMENT_TEAM = P9FGPZBBW2;
				INFOPLIST_FILE = Dreva/Info.plist;
				IPHONEOS_DEPLOYMENT_TARGET = 11.2;
				LD_RUNPATH_SEARCH_PATHS = (
					"$(inherited)",
					"@executable_path/Frameworks",
				);
				PRODUCT_BUNDLE_IDENTIFIER = yphsu.cps.project.Dreva;
				PRODUCT_NAME = "$(TARGET_NAME)";
				SWIFT_VERSION = 4.0;
				TARGETED_DEVICE_FAMILY = "1,2";
			};
			name = Debug;
		};
		E477C51520A9B9CE0011DFEF /* Release */ = {
			isa = XCBuildConfiguration;
			baseConfigurationReference = 720C5F16304884992C1BA82D /* Pods-Dreva.release.xcconfig */;
			buildSettings = {
				ASSETCATALOG_COMPILER_APPICON_NAME = AppIcon;
				CODE_SIGN_STYLE = Automatic;
				DEVELOPMENT_TEAM = P9FGPZBBW2;
				INFOPLIST_FILE = Dreva/Info.plist;
				IPHONEOS_DEPLOYMENT_TARGET = 11.2;
				LD_RUNPATH_SEARCH_PATHS = (
					"$(inherited)",
					"@executable_path/Frameworks",
				);
				PRODUCT_BUNDLE_IDENTIFIER = yphsu.cps.project.Dreva;
				PRODUCT_NAME = "$(TARGET_NAME)";
				SWIFT_VERSION = 4.0;
				TARGETED_DEVICE_FAMILY = "1,2";
			};
			name = Release;
		};
		E477C51720A9B9CE0011DFEF /* Debug */ = {
			isa = XCBuildConfiguration;
			baseConfigurationReference = D7EE879CE7CE27C7C63A3C9B /* Pods-DrevaTests.debug.xcconfig */;
			buildSettings = {
				ALWAYS_EMBED_SWIFT_STANDARD_LIBRARIES = YES;
				BUNDLE_LOADER = "$(TEST_HOST)";
				CODE_SIGN_STYLE = Automatic;
				DEVELOPMENT_TEAM = P9FGPZBBW2;
				INFOPLIST_FILE = DrevaTests/Info.plist;
				LD_RUNPATH_SEARCH_PATHS = (
					"$(inherited)",
					"@executable_path/Frameworks",
					"@loader_path/Frameworks",
				);
				PRODUCT_BUNDLE_IDENTIFIER = yphsu.cps.project.DrevaTests;
				PRODUCT_NAME = "$(TARGET_NAME)";
				SWIFT_VERSION = 4.0;
				TARGETED_DEVICE_FAMILY = "1,2";
				TEST_HOST = "$(BUILT_PRODUCTS_DIR)/Dreva.app/Dreva";
			};
			name = Debug;
		};
		E477C51820A9B9CE0011DFEF /* Release */ = {
			isa = XCBuildConfiguration;
			baseConfigurationReference = 5FE2FD5BFBF456A1DB1C60AF /* Pods-DrevaTests.release.xcconfig */;
			buildSettings = {
				ALWAYS_EMBED_SWIFT_STANDARD_LIBRARIES = YES;
				BUNDLE_LOADER = "$(TEST_HOST)";
				CODE_SIGN_STYLE = Automatic;
				DEVELOPMENT_TEAM = P9FGPZBBW2;
				INFOPLIST_FILE = DrevaTests/Info.plist;
				LD_RUNPATH_SEARCH_PATHS = (
					"$(inherited)",
					"@executable_path/Frameworks",
					"@loader_path/Frameworks",
				);
				PRODUCT_BUNDLE_IDENTIFIER = yphsu.cps.project.DrevaTests;
				PRODUCT_NAME = "$(TARGET_NAME)";
				SWIFT_VERSION = 4.0;
				TARGETED_DEVICE_FAMILY = "1,2";
				TEST_HOST = "$(BUILT_PRODUCTS_DIR)/Dreva.app/Dreva";
			};
			name = Release;
		};
		E477C51A20A9B9CE0011DFEF /* Debug */ = {
			isa = XCBuildConfiguration;
			baseConfigurationReference = C7FB8A8D2FFF69ACC40A82C0 /* Pods-DrevaUITests.debug.xcconfig */;
			buildSettings = {
				ALWAYS_EMBED_SWIFT_STANDARD_LIBRARIES = YES;
				CODE_SIGN_STYLE = Automatic;
				DEVELOPMENT_TEAM = P9FGPZBBW2;
				INFOPLIST_FILE = DrevaUITests/Info.plist;
				LD_RUNPATH_SEARCH_PATHS = (
					"$(inherited)",
					"@executable_path/Frameworks",
					"@loader_path/Frameworks",
				);
				PRODUCT_BUNDLE_IDENTIFIER = yphsu.cps.project.DrevaUITests;
				PRODUCT_NAME = "$(TARGET_NAME)";
				SWIFT_VERSION = 4.0;
				TARGETED_DEVICE_FAMILY = "1,2";
				TEST_TARGET_NAME = Dreva;
			};
			name = Debug;
		};
		E477C51B20A9B9CE0011DFEF /* Release */ = {
			isa = XCBuildConfiguration;
			baseConfigurationReference = D960F3DB60D353095174AFA0 /* Pods-DrevaUITests.release.xcconfig */;
			buildSettings = {
				ALWAYS_EMBED_SWIFT_STANDARD_LIBRARIES = YES;
				CODE_SIGN_STYLE = Automatic;
				DEVELOPMENT_TEAM = P9FGPZBBW2;
				INFOPLIST_FILE = DrevaUITests/Info.plist;
				LD_RUNPATH_SEARCH_PATHS = (
					"$(inherited)",
					"@executable_path/Frameworks",
					"@loader_path/Frameworks",
				);
				PRODUCT_BUNDLE_IDENTIFIER = yphsu.cps.project.DrevaUITests;
				PRODUCT_NAME = "$(TARGET_NAME)";
				SWIFT_VERSION = 4.0;
				TARGETED_DEVICE_FAMILY = "1,2";
				TEST_TARGET_NAME = Dreva;
			};
			name = Release;
		};
/* End XCBuildConfiguration section */

/* Begin XCConfigurationList section */
		E477C4E320A9B9CE0011DFEF /* Build configuration list for PBXProject "Dreva" */ = {
			isa = XCConfigurationList;
			buildConfigurations = (
				E477C51120A9B9CE0011DFEF /* Debug */,
				E477C51220A9B9CE0011DFEF /* Release */,
			);
			defaultConfigurationIsVisible = 0;
			defaultConfigurationName = Release;
		};
		E477C51320A9B9CE0011DFEF /* Build configuration list for PBXNativeTarget "Dreva" */ = {
			isa = XCConfigurationList;
			buildConfigurations = (
				E477C51420A9B9CE0011DFEF /* Debug */,
				E477C51520A9B9CE0011DFEF /* Release */,
			);
			defaultConfigurationIsVisible = 0;
			defaultConfigurationName = Release;
		};
		E477C51620A9B9CE0011DFEF /* Build configuration list for PBXNativeTarget "DrevaTests" */ = {
			isa = XCConfigurationList;
			buildConfigurations = (
				E477C51720A9B9CE0011DFEF /* Debug */,
				E477C51820A9B9CE0011DFEF /* Release */,
			);
			defaultConfigurationIsVisible = 0;
			defaultConfigurationName = Release;
		};
		E477C51920A9B9CE0011DFEF /* Build configuration list for PBXNativeTarget "DrevaUITests" */ = {
			isa = XCConfigurationList;
			buildConfigurations = (
				E477C51A20A9B9CE0011DFEF /* Debug */,
				E477C51B20A9B9CE0011DFEF /* Release */,
			);
			defaultConfigurationIsVisible = 0;
			defaultConfigurationName = Release;
		};
/* End XCConfigurationList section */

/* Begin XCVersionGroup section */
		E477C4F220A9B9CE0011DFEF /* Dreva.xcdatamodeld */ = {
			isa = XCVersionGroup;
			children = (
				E477C4F320A9B9CE0011DFEF /* Dreva.xcdatamodel */,
			);
			currentVersion = E477C4F320A9B9CE0011DFEF /* Dreva.xcdatamodel */;
			path = Dreva.xcdatamodeld;
			sourceTree = "<group>";
			versionGroupType = wrapper.xcdatamodel;
		};
/* End XCVersionGroup section */
	};
	rootObject = E477C4E020A9B9CE0011DFEF /* Project object */;
}
