// !$*UTF8*$!
{
	archiveVersion = 1;
	classes = {
	};
	objectVersion = 48;
	objects = {

/* Begin PBXBuildFile section */
		E4352D6B20A006E6006DAB04 /* Inceptionv3.mlmodel in Sources */ = {isa = PBXBuildFile; fileRef = E4352D6A20A006E6006DAB04 /* Inceptionv3.mlmodel */; };
		E450C726209FACFF00A6687D /* AppDelegate.swift in Sources */ = {isa = PBXBuildFile; fileRef = E450C725209FACFF00A6687D /* AppDelegate.swift */; };
		E450C728209FACFF00A6687D /* ViewController.swift in Sources */ = {isa = PBXBuildFile; fileRef = E450C727209FACFF00A6687D /* ViewController.swift */; };
		E450C72B209FACFF00A6687D /* Main.storyboard in Resources */ = {isa = PBXBuildFile; fileRef = E450C729209FACFF00A6687D /* Main.storyboard */; };
		E450C72E209FACFF00A6687D /* test_core_ml_and_metal.xcdatamodeld in Sources */ = {isa = PBXBuildFile; fileRef = E450C72C209FACFF00A6687D /* test_core_ml_and_metal.xcdatamodeld */; };
		E450C730209FACFF00A6687D /* Assets.xcassets in Resources */ = {isa = PBXBuildFile; fileRef = E450C72F209FACFF00A6687D /* Assets.xcassets */; };
		E450C733209FACFF00A6687D /* LaunchScreen.storyboard in Resources */ = {isa = PBXBuildFile; fileRef = E450C731209FACFF00A6687D /* LaunchScreen.storyboard */; };
		E450C73E209FACFF00A6687D /* test_core_ml_and_metalTests.swift in Sources */ = {isa = PBXBuildFile; fileRef = E450C73D209FACFF00A6687D /* test_core_ml_and_metalTests.swift */; };
		E450C749209FACFF00A6687D /* test_core_ml_and_metalUITests.swift in Sources */ = {isa = PBXBuildFile; fileRef = E450C748209FACFF00A6687D /* test_core_ml_and_metalUITests.swift */; };
/* End PBXBuildFile section */

/* Begin PBXContainerItemProxy section */
		E450C73A209FACFF00A6687D /* PBXContainerItemProxy */ = {
			isa = PBXContainerItemProxy;
			containerPortal = E450C71A209FACFF00A6687D /* Project object */;
			proxyType = 1;
			remoteGlobalIDString = E450C721209FACFF00A6687D;
			remoteInfo = test_core_ml_and_metal;
		};
		E450C745209FACFF00A6687D /* PBXContainerItemProxy */ = {
			isa = PBXContainerItemProxy;
			containerPortal = E450C71A209FACFF00A6687D /* Project object */;
			proxyType = 1;
			remoteGlobalIDString = E450C721209FACFF00A6687D;
			remoteInfo = test_core_ml_and_metal;
		};
/* End PBXContainerItemProxy section */

/* Begin PBXFileReference section */
		E4352D6A20A006E6006DAB04 /* Inceptionv3.mlmodel */ = {isa = PBXFileReference; lastKnownFileType = file.mlmodel; name = Inceptionv3.mlmodel; path = test_core_ml_and_metal/Inceptionv3.mlmodel; sourceTree = "<group>"; };
		E450C722209FACFF00A6687D /* test_core_ml_and_metal.app */ = {isa = PBXFileReference; explicitFileType = wrapper.application; includeInIndex = 0; path = test_core_ml_and_metal.app; sourceTree = BUILT_PRODUCTS_DIR; };
		E450C725209FACFF00A6687D /* AppDelegate.swift */ = {isa = PBXFileReference; lastKnownFileType = sourcecode.swift; path = AppDelegate.swift; sourceTree = "<group>"; };
		E450C727209FACFF00A6687D /* ViewController.swift */ = {isa = PBXFileReference; lastKnownFileType = sourcecode.swift; path = ViewController.swift; sourceTree = "<group>"; };
		E450C72A209FACFF00A6687D /* Base */ = {isa = PBXFileReference; lastKnownFileType = file.storyboard; name = Base; path = Base.lproj/Main.storyboard; sourceTree = "<group>"; };
		E450C72D209FACFF00A6687D /* test_core_ml_and_metal.xcdatamodel */ = {isa = PBXFileReference; lastKnownFileType = wrapper.xcdatamodel; path = test_core_ml_and_metal.xcdatamodel; sourceTree = "<group>"; };
		E450C72F209FACFF00A6687D /* Assets.xcassets */ = {isa = PBXFileReference; lastKnownFileType = folder.assetcatalog; path = Assets.xcassets; sourceTree = "<group>"; };
		E450C732209FACFF00A6687D /* Base */ = {isa = PBXFileReference; lastKnownFileType = file.storyboard; name = Base; path = Base.lproj/LaunchScreen.storyboard; sourceTree = "<group>"; };
		E450C734209FACFF00A6687D /* Info.plist */ = {isa = PBXFileReference; lastKnownFileType = text.plist.xml; path = Info.plist; sourceTree = "<group>"; };
		E450C739209FACFF00A6687D /* test_core_ml_and_metalTests.xctest */ = {isa = PBXFileReference; explicitFileType = wrapper.cfbundle; includeInIndex = 0; path = test_core_ml_and_metalTests.xctest; sourceTree = BUILT_PRODUCTS_DIR; };
		E450C73D209FACFF00A6687D /* test_core_ml_and_metalTests.swift */ = {isa = PBXFileReference; lastKnownFileType = sourcecode.swift; path = test_core_ml_and_metalTests.swift; sourceTree = "<group>"; };
		E450C73F209FACFF00A6687D /* Info.plist */ = {isa = PBXFileReference; lastKnownFileType = text.plist.xml; path = Info.plist; sourceTree = "<group>"; };
		E450C744209FACFF00A6687D /* test_core_ml_and_metalUITests.xctest */ = {isa = PBXFileReference; explicitFileType = wrapper.cfbundle; includeInIndex = 0; path = test_core_ml_and_metalUITests.xctest; sourceTree = BUILT_PRODUCTS_DIR; };
		E450C748209FACFF00A6687D /* test_core_ml_and_metalUITests.swift */ = {isa = PBXFileReference; lastKnownFileType = sourcecode.swift; path = test_core_ml_and_metalUITests.swift; sourceTree = "<group>"; };
		E450C74A209FACFF00A6687D /* Info.plist */ = {isa = PBXFileReference; lastKnownFileType = text.plist.xml; path = Info.plist; sourceTree = "<group>"; };
/* End PBXFileReference section */

/* Begin PBXFrameworksBuildPhase section */
		E450C71F209FACFF00A6687D /* Frameworks */ = {
			isa = PBXFrameworksBuildPhase;
			buildActionMask = 2147483647;
			files = (
			);
			runOnlyForDeploymentPostprocessing = 0;
		};
		E450C736209FACFF00A6687D /* Frameworks */ = {
			isa = PBXFrameworksBuildPhase;
			buildActionMask = 2147483647;
			files = (
			);
			runOnlyForDeploymentPostprocessing = 0;
		};
		E450C741209FACFF00A6687D /* Frameworks */ = {
			isa = PBXFrameworksBuildPhase;
			buildActionMask = 2147483647;
			files = (
			);
			runOnlyForDeploymentPostprocessing = 0;
		};
/* End PBXFrameworksBuildPhase section */

/* Begin PBXGroup section */
		E450C719209FACFF00A6687D = {
			isa = PBXGroup;
			children = (
				E4352D6A20A006E6006DAB04 /* Inceptionv3.mlmodel */,
				E450C724209FACFF00A6687D /* test_core_ml_and_metal */,
				E450C73C209FACFF00A6687D /* test_core_ml_and_metalTests */,
				E450C747209FACFF00A6687D /* test_core_ml_and_metalUITests */,
				E450C723209FACFF00A6687D /* Products */,
			);
			sourceTree = "<group>";
		};
		E450C723209FACFF00A6687D /* Products */ = {
			isa = PBXGroup;
			children = (
				E450C722209FACFF00A6687D /* test_core_ml_and_metal.app */,
				E450C739209FACFF00A6687D /* test_core_ml_and_metalTests.xctest */,
				E450C744209FACFF00A6687D /* test_core_ml_and_metalUITests.xctest */,
			);
			name = Products;
			sourceTree = "<group>";
		};
		E450C724209FACFF00A6687D /* test_core_ml_and_metal */ = {
			isa = PBXGroup;
			children = (
				E450C725209FACFF00A6687D /* AppDelegate.swift */,
				E450C727209FACFF00A6687D /* ViewController.swift */,
				E450C729209FACFF00A6687D /* Main.storyboard */,
				E450C72F209FACFF00A6687D /* Assets.xcassets */,
				E450C731209FACFF00A6687D /* LaunchScreen.storyboard */,
				E450C734209FACFF00A6687D /* Info.plist */,
				E450C72C209FACFF00A6687D /* test_core_ml_and_metal.xcdatamodeld */,
			);
			path = test_core_ml_and_metal;
			sourceTree = "<group>";
		};
		E450C73C209FACFF00A6687D /* test_core_ml_and_metalTests */ = {
			isa = PBXGroup;
			children = (
				E450C73D209FACFF00A6687D /* test_core_ml_and_metalTests.swift */,
				E450C73F209FACFF00A6687D /* Info.plist */,
			);
			path = test_core_ml_and_metalTests;
			sourceTree = "<group>";
		};
		E450C747209FACFF00A6687D /* test_core_ml_and_metalUITests */ = {
			isa = PBXGroup;
			children = (
				E450C748209FACFF00A6687D /* test_core_ml_and_metalUITests.swift */,
				E450C74A209FACFF00A6687D /* Info.plist */,
			);
			path = test_core_ml_and_metalUITests;
			sourceTree = "<group>";
		};
/* End PBXGroup section */

/* Begin PBXNativeTarget section */
		E450C721209FACFF00A6687D /* test_core_ml_and_metal */ = {
			isa = PBXNativeTarget;
			buildConfigurationList = E450C74D209FACFF00A6687D /* Build configuration list for PBXNativeTarget "test_core_ml_and_metal" */;
			buildPhases = (
				E450C71E209FACFF00A6687D /* Sources */,
				E450C71F209FACFF00A6687D /* Frameworks */,
				E450C720209FACFF00A6687D /* Resources */,
			);
			buildRules = (
			);
			dependencies = (
			);
			name = test_core_ml_and_metal;
			productName = test_core_ml_and_metal;
			productReference = E450C722209FACFF00A6687D /* test_core_ml_and_metal.app */;
			productType = "com.apple.product-type.application";
		};
		E450C738209FACFF00A6687D /* test_core_ml_and_metalTests */ = {
			isa = PBXNativeTarget;
			buildConfigurationList = E450C750209FACFF00A6687D /* Build configuration list for PBXNativeTarget "test_core_ml_and_metalTests" */;
			buildPhases = (
				E450C735209FACFF00A6687D /* Sources */,
				E450C736209FACFF00A6687D /* Frameworks */,
				E450C737209FACFF00A6687D /* Resources */,
			);
			buildRules = (
			);
			dependencies = (
				E450C73B209FACFF00A6687D /* PBXTargetDependency */,
			);
			name = test_core_ml_and_metalTests;
			productName = test_core_ml_and_metalTests;
			productReference = E450C739209FACFF00A6687D /* test_core_ml_and_metalTests.xctest */;
			productType = "com.apple.product-type.bundle.unit-test";
		};
		E450C743209FACFF00A6687D /* test_core_ml_and_metalUITests */ = {
			isa = PBXNativeTarget;
			buildConfigurationList = E450C753209FACFF00A6687D /* Build configuration list for PBXNativeTarget "test_core_ml_and_metalUITests" */;
			buildPhases = (
				E450C740209FACFF00A6687D /* Sources */,
				E450C741209FACFF00A6687D /* Frameworks */,
				E450C742209FACFF00A6687D /* Resources */,
			);
			buildRules = (
			);
			dependencies = (
				E450C746209FACFF00A6687D /* PBXTargetDependency */,
			);
			name = test_core_ml_and_metalUITests;
			productName = test_core_ml_and_metalUITests;
			productReference = E450C744209FACFF00A6687D /* test_core_ml_and_metalUITests.xctest */;
			productType = "com.apple.product-type.bundle.ui-testing";
		};
/* End PBXNativeTarget section */

/* Begin PBXProject section */
		E450C71A209FACFF00A6687D /* Project object */ = {
			isa = PBXProject;
			attributes = {
				LastSwiftUpdateCheck = 0910;
				LastUpgradeCheck = 0930;
				ORGANIZATIONNAME = "Yuan-Pu Hsu";
				TargetAttributes = {
					E450C721209FACFF00A6687D = {
						CreatedOnToolsVersion = 9.1;
						ProvisioningStyle = Automatic;
					};
					E450C738209FACFF00A6687D = {
						CreatedOnToolsVersion = 9.1;
						ProvisioningStyle = Automatic;
						TestTargetID = E450C721209FACFF00A6687D;
					};
					E450C743209FACFF00A6687D = {
						CreatedOnToolsVersion = 9.1;
						ProvisioningStyle = Automatic;
						TestTargetID = E450C721209FACFF00A6687D;
					};
				};
			};
			buildConfigurationList = E450C71D209FACFF00A6687D /* Build configuration list for PBXProject "test_core_ml_and_metal" */;
			compatibilityVersion = "Xcode 8.0";
			developmentRegion = en;
			hasScannedForEncodings = 0;
			knownRegions = (
				en,
				Base,
			);
			mainGroup = E450C719209FACFF00A6687D;
			productRefGroup = E450C723209FACFF00A6687D /* Products */;
			projectDirPath = "";
			projectRoot = "";
			targets = (
				E450C721209FACFF00A6687D /* test_core_ml_and_metal */,
				E450C738209FACFF00A6687D /* test_core_ml_and_metalTests */,
				E450C743209FACFF00A6687D /* test_core_ml_and_metalUITests */,
			);
		};
/* End PBXProject section */

/* Begin PBXResourcesBuildPhase section */
		E450C720209FACFF00A6687D /* Resources */ = {
			isa = PBXResourcesBuildPhase;
			buildActionMask = 2147483647;
			files = (
				E450C733209FACFF00A6687D /* LaunchScreen.storyboard in Resources */,
				E450C730209FACFF00A6687D /* Assets.xcassets in Resources */,
				E450C72B209FACFF00A6687D /* Main.storyboard in Resources */,
			);
			runOnlyForDeploymentPostprocessing = 0;
		};
		E450C737209FACFF00A6687D /* Resources */ = {
			isa = PBXResourcesBuildPhase;
			buildActionMask = 2147483647;
			files = (
			);
			runOnlyForDeploymentPostprocessing = 0;
		};
		E450C742209FACFF00A6687D /* Resources */ = {
			isa = PBXResourcesBuildPhase;
			buildActionMask = 2147483647;
			files = (
			);
			runOnlyForDeploymentPostprocessing = 0;
		};
/* End PBXResourcesBuildPhase section */

/* Begin PBXSourcesBuildPhase section */
		E450C71E209FACFF00A6687D /* Sources */ = {
			isa = PBXSourcesBuildPhase;
			buildActionMask = 2147483647;
			files = (
				E450C72E209FACFF00A6687D /* test_core_ml_and_metal.xcdatamodeld in Sources */,
				E4352D6B20A006E6006DAB04 /* Inceptionv3.mlmodel in Sources */,
				E450C728209FACFF00A6687D /* ViewController.swift in Sources */,
				E450C726209FACFF00A6687D /* AppDelegate.swift in Sources */,
			);
			runOnlyForDeploymentPostprocessing = 0;
		};
		E450C735209FACFF00A6687D /* Sources */ = {
			isa = PBXSourcesBuildPhase;
			buildActionMask = 2147483647;
			files = (
				E450C73E209FACFF00A6687D /* test_core_ml_and_metalTests.swift in Sources */,
			);
			runOnlyForDeploymentPostprocessing = 0;
		};
		E450C740209FACFF00A6687D /* Sources */ = {
			isa = PBXSourcesBuildPhase;
			buildActionMask = 2147483647;
			files = (
				E450C749209FACFF00A6687D /* test_core_ml_and_metalUITests.swift in Sources */,
			);
			runOnlyForDeploymentPostprocessing = 0;
		};
/* End PBXSourcesBuildPhase section */

/* Begin PBXTargetDependency section */
		E450C73B209FACFF00A6687D /* PBXTargetDependency */ = {
			isa = PBXTargetDependency;
			target = E450C721209FACFF00A6687D /* test_core_ml_and_metal */;
			targetProxy = E450C73A209FACFF00A6687D /* PBXContainerItemProxy */;
		};
		E450C746209FACFF00A6687D /* PBXTargetDependency */ = {
			isa = PBXTargetDependency;
			target = E450C721209FACFF00A6687D /* test_core_ml_and_metal */;
			targetProxy = E450C745209FACFF00A6687D /* PBXContainerItemProxy */;
		};
/* End PBXTargetDependency section */

/* Begin PBXVariantGroup section */
		E450C729209FACFF00A6687D /* Main.storyboard */ = {
			isa = PBXVariantGroup;
			children = (
				E450C72A209FACFF00A6687D /* Base */,
			);
			name = Main.storyboard;
			sourceTree = "<group>";
		};
		E450C731209FACFF00A6687D /* LaunchScreen.storyboard */ = {
			isa = PBXVariantGroup;
			children = (
				E450C732209FACFF00A6687D /* Base */,
			);
			name = LaunchScreen.storyboard;
			sourceTree = "<group>";
		};
/* End PBXVariantGroup section */

/* Begin XCBuildConfiguration section */
		E450C74B209FACFF00A6687D /* Debug */ = {
			isa = XCBuildConfiguration;
			buildSettings = {
				ALWAYS_SEARCH_USER_PATHS = NO;
				CLANG_ANALYZER_NONNULL = YES;
				CLANG_ANALYZER_NUMBER_OBJECT_CONVERSION = YES_AGGRESSIVE;
				CLANG_CXX_LANGUAGE_STANDARD = "gnu++14";
				CLANG_CXX_LIBRARY = "libc++";
				CLANG_ENABLE_MODULES = YES;
				CLANG_ENABLE_OBJC_ARC = YES;
				CLANG_WARN_BLOCK_CAPTURE_AUTORELEASING = YES;
				CLANG_WARN_BOOL_CONVERSION = YES;
				CLANG_WARN_COMMA = YES;
				CLANG_WARN_CONSTANT_CONVERSION = YES;
				CLANG_WARN_DEPRECATED_OBJC_IMPLEMENTATIONS = YES;
				CLANG_WARN_DIRECT_OBJC_ISA_USAGE = YES_ERROR;
				CLANG_WARN_DOCUMENTATION_COMMENTS = YES;
				CLANG_WARN_EMPTY_BODY = YES;
				CLANG_WARN_ENUM_CONVERSION = YES;
				CLANG_WARN_INFINITE_RECURSION = YES;
				CLANG_WARN_INT_CONVERSION = YES;
				CLANG_WARN_NON_LITERAL_NULL_CONVERSION = YES;
				CLANG_WARN_OBJC_IMPLICIT_RETAIN_SELF = YES;
				CLANG_WARN_OBJC_LITERAL_CONVERSION = YES;
				CLANG_WARN_OBJC_ROOT_CLASS = YES_ERROR;
				CLANG_WARN_RANGE_LOOP_ANALYSIS = YES;
				CLANG_WARN_STRICT_PROTOTYPES = YES;
				CLANG_WARN_SUSPICIOUS_MOVE = YES;
				CLANG_WARN_UNGUARDED_AVAILABILITY = YES_AGGRESSIVE;
				CLANG_WARN_UNREACHABLE_CODE = YES;
				CLANG_WARN__DUPLICATE_METHOD_MATCH = YES;
				CODE_SIGN_IDENTITY = "iPhone Developer";
				COPY_PHASE_STRIP = NO;
				DEBUG_INFORMATION_FORMAT = dwarf;
				ENABLE_STRICT_OBJC_MSGSEND = YES;
				ENABLE_TESTABILITY = YES;
				GCC_C_LANGUAGE_STANDARD = gnu11;
				GCC_DYNAMIC_NO_PIC = NO;
				GCC_NO_COMMON_BLOCKS = YES;
				GCC_OPTIMIZATION_LEVEL = 0;
				GCC_PREPROCESSOR_DEFINITIONS = (
					"DEBUG=1",
					"$(inherited)",
				);
				GCC_WARN_64_TO_32_BIT_CONVERSION = YES;
				GCC_WARN_ABOUT_RETURN_TYPE = YES_ERROR;
				GCC_WARN_UNDECLARED_SELECTOR = YES;
				GCC_WARN_UNINITIALIZED_AUTOS = YES_AGGRESSIVE;
				GCC_WARN_UNUSED_FUNCTION = YES;
				GCC_WARN_UNUSED_VARIABLE = YES;
				IPHONEOS_DEPLOYMENT_TARGET = 11.1;
				MTL_ENABLE_DEBUG_INFO = YES;
				ONLY_ACTIVE_ARCH = YES;
				SDKROOT = iphoneos;
				SWIFT_ACTIVE_COMPILATION_CONDITIONS = DEBUG;
				SWIFT_OPTIMIZATION_LEVEL = "-Onone";
			};
			name = Debug;
		};
		E450C74C209FACFF00A6687D /* Release */ = {
			isa = XCBuildConfiguration;
			buildSettings = {
				ALWAYS_SEARCH_USER_PATHS = NO;
				CLANG_ANALYZER_NONNULL = YES;
				CLANG_ANALYZER_NUMBER_OBJECT_CONVERSION = YES_AGGRESSIVE;
				CLANG_CXX_LANGUAGE_STANDARD = "gnu++14";
				CLANG_CXX_LIBRARY = "libc++";
				CLANG_ENABLE_MODULES = YES;
				CLANG_ENABLE_OBJC_ARC = YES;
				CLANG_WARN_BLOCK_CAPTURE_AUTORELEASING = YES;
				CLANG_WARN_BOOL_CONVERSION = YES;
				CLANG_WARN_COMMA = YES;
				CLANG_WARN_CONSTANT_CONVERSION = YES;
				CLANG_WARN_DEPRECATED_OBJC_IMPLEMENTATIONS = YES;
				CLANG_WARN_DIRECT_OBJC_ISA_USAGE = YES_ERROR;
				CLANG_WARN_DOCUMENTATION_COMMENTS = YES;
				CLANG_WARN_EMPTY_BODY = YES;
				CLANG_WARN_ENUM_CONVERSION = YES;
				CLANG_WARN_INFINITE_RECURSION = YES;
				CLANG_WARN_INT_CONVERSION = YES;
				CLANG_WARN_NON_LITERAL_NULL_CONVERSION = YES;
				CLANG_WARN_OBJC_IMPLICIT_RETAIN_SELF = YES;
				CLANG_WARN_OBJC_LITERAL_CONVERSION = YES;
				CLANG_WARN_OBJC_ROOT_CLASS = YES_ERROR;
				CLANG_WARN_RANGE_LOOP_ANALYSIS = YES;
				CLANG_WARN_STRICT_PROTOTYPES = YES;
				CLANG_WARN_SUSPICIOUS_MOVE = YES;
				CLANG_WARN_UNGUARDED_AVAILABILITY = YES_AGGRESSIVE;
				CLANG_WARN_UNREACHABLE_CODE = YES;
				CLANG_WARN__DUPLICATE_METHOD_MATCH = YES;
				CODE_SIGN_IDENTITY = "iPhone Developer";
				COPY_PHASE_STRIP = NO;
				DEBUG_INFORMATION_FORMAT = "dwarf-with-dsym";
				ENABLE_NS_ASSERTIONS = NO;
				ENABLE_STRICT_OBJC_MSGSEND = YES;
				GCC_C_LANGUAGE_STANDARD = gnu11;
				GCC_NO_COMMON_BLOCKS = YES;
				GCC_WARN_64_TO_32_BIT_CONVERSION = YES;
				GCC_WARN_ABOUT_RETURN_TYPE = YES_ERROR;
				GCC_WARN_UNDECLARED_SELECTOR = YES;
				GCC_WARN_UNINITIALIZED_AUTOS = YES_AGGRESSIVE;
				GCC_WARN_UNUSED_FUNCTION = YES;
				GCC_WARN_UNUSED_VARIABLE = YES;
				IPHONEOS_DEPLOYMENT_TARGET = 11.1;
				MTL_ENABLE_DEBUG_INFO = NO;
				SDKROOT = iphoneos;
				SWIFT_OPTIMIZATION_LEVEL = "-Owholemodule";
				VALIDATE_PRODUCT = YES;
			};
			name = Release;
		};
		E450C74E209FACFF00A6687D /* Debug */ = {
			isa = XCBuildConfiguration;
			buildSettings = {
				ASSETCATALOG_COMPILER_APPICON_NAME = AppIcon;
				"CODE_SIGN_IDENTITY[sdk=iphoneos*]" = "iPhone Developer";
				CODE_SIGN_STYLE = Automatic;
				DEVELOPMENT_TEAM = P9FGPZBBW2;
				INFOPLIST_FILE = test_core_ml_and_metal/Info.plist;
				LD_RUNPATH_SEARCH_PATHS = "$(inherited) @executable_path/Frameworks";
				PRODUCT_BUNDLE_IDENTIFIER = "yph.test-core-ml-and-metal";
				PRODUCT_NAME = "$(TARGET_NAME)";
				PROVISIONING_PROFILE_SPECIFIER = "";
				SWIFT_VERSION = 4.0;
				TARGETED_DEVICE_FAMILY = 1;
			};
			name = Debug;
		};
		E450C74F209FACFF00A6687D /* Release */ = {
			isa = XCBuildConfiguration;
			buildSettings = {
				ASSETCATALOG_COMPILER_APPICON_NAME = AppIcon;
				"CODE_SIGN_IDENTITY[sdk=iphoneos*]" = "iPhone Developer";
				CODE_SIGN_STYLE = Automatic;
				DEVELOPMENT_TEAM = P9FGPZBBW2;
				INFOPLIST_FILE = test_core_ml_and_metal/Info.plist;
				LD_RUNPATH_SEARCH_PATHS = "$(inherited) @executable_path/Frameworks";
				PRODUCT_BUNDLE_IDENTIFIER = "yph.test-core-ml-and-metal";
				PRODUCT_NAME = "$(TARGET_NAME)";
				PROVISIONING_PROFILE_SPECIFIER = "";
				SWIFT_VERSION = 4.0;
				TARGETED_DEVICE_FAMILY = 1;
			};
			name = Release;
		};
		E450C751209FACFF00A6687D /* Debug */ = {
			isa = XCBuildConfiguration;
			buildSettings = {
				ALWAYS_EMBED_SWIFT_STANDARD_LIBRARIES = YES;
				BUNDLE_LOADER = "$(TEST_HOST)";
				CODE_SIGN_STYLE = Automatic;
				INFOPLIST_FILE = test_core_ml_and_metalTests/Info.plist;
				LD_RUNPATH_SEARCH_PATHS = "$(inherited) @executable_path/Frameworks @loader_path/Frameworks";
				PRODUCT_BUNDLE_IDENTIFIER = "yph.test-core-ml-and-metalTests";
				PRODUCT_NAME = "$(TARGET_NAME)";
				SWIFT_VERSION = 4.0;
				TARGETED_DEVICE_FAMILY = "1,2";
				TEST_HOST = "$(BUILT_PRODUCTS_DIR)/test_core_ml_and_metal.app/test_core_ml_and_metal";
			};
			name = Debug;
		};
		E450C752209FACFF00A6687D /* Release */ = {
			isa = XCBuildConfiguration;
			buildSettings = {
				ALWAYS_EMBED_SWIFT_STANDARD_LIBRARIES = YES;
				BUNDLE_LOADER = "$(TEST_HOST)";
				CODE_SIGN_STYLE = Automatic;
				INFOPLIST_FILE = test_core_ml_and_metalTests/Info.plist;
				LD_RUNPATH_SEARCH_PATHS = "$(inherited) @executable_path/Frameworks @loader_path/Frameworks";
				PRODUCT_BUNDLE_IDENTIFIER = "yph.test-core-ml-and-metalTests";
				PRODUCT_NAME = "$(TARGET_NAME)";
				SWIFT_VERSION = 4.0;
				TARGETED_DEVICE_FAMILY = "1,2";
				TEST_HOST = "$(BUILT_PRODUCTS_DIR)/test_core_ml_and_metal.app/test_core_ml_and_metal";
			};
			name = Release;
		};
		E450C754209FACFF00A6687D /* Debug */ = {
			isa = XCBuildConfiguration;
			buildSettings = {
				ALWAYS_EMBED_SWIFT_STANDARD_LIBRARIES = YES;
				CODE_SIGN_STYLE = Automatic;
				INFOPLIST_FILE = test_core_ml_and_metalUITests/Info.plist;
				LD_RUNPATH_SEARCH_PATHS = "$(inherited) @executable_path/Frameworks @loader_path/Frameworks";
				PRODUCT_BUNDLE_IDENTIFIER = "yph.test-core-ml-and-metalUITests";
				PRODUCT_NAME = "$(TARGET_NAME)";
				SWIFT_VERSION = 4.0;
				TARGETED_DEVICE_FAMILY = "1,2";
				TEST_TARGET_NAME = test_core_ml_and_metal;
			};
			name = Debug;
		};
		E450C755209FACFF00A6687D /* Release */ = {
			isa = XCBuildConfiguration;
			buildSettings = {
				ALWAYS_EMBED_SWIFT_STANDARD_LIBRARIES = YES;
				CODE_SIGN_STYLE = Automatic;
				INFOPLIST_FILE = test_core_ml_and_metalUITests/Info.plist;
				LD_RUNPATH_SEARCH_PATHS = "$(inherited) @executable_path/Frameworks @loader_path/Frameworks";
				PRODUCT_BUNDLE_IDENTIFIER = "yph.test-core-ml-and-metalUITests";
				PRODUCT_NAME = "$(TARGET_NAME)";
				SWIFT_VERSION = 4.0;
				TARGETED_DEVICE_FAMILY = "1,2";
				TEST_TARGET_NAME = test_core_ml_and_metal;
			};
			name = Release;
		};
/* End XCBuildConfiguration section */

/* Begin XCConfigurationList section */
		E450C71D209FACFF00A6687D /* Build configuration list for PBXProject "test_core_ml_and_metal" */ = {
			isa = XCConfigurationList;
			buildConfigurations = (
				E450C74B209FACFF00A6687D /* Debug */,
				E450C74C209FACFF00A6687D /* Release */,
			);
			defaultConfigurationIsVisible = 0;
			defaultConfigurationName = Release;
		};
		E450C74D209FACFF00A6687D /* Build configuration list for PBXNativeTarget "test_core_ml_and_metal" */ = {
			isa = XCConfigurationList;
			buildConfigurations = (
				E450C74E209FACFF00A6687D /* Debug */,
				E450C74F209FACFF00A6687D /* Release */,
			);
			defaultConfigurationIsVisible = 0;
			defaultConfigurationName = Release;
		};
		E450C750209FACFF00A6687D /* Build configuration list for PBXNativeTarget "test_core_ml_and_metalTests" */ = {
			isa = XCConfigurationList;
			buildConfigurations = (
				E450C751209FACFF00A6687D /* Debug */,
				E450C752209FACFF00A6687D /* Release */,
			);
			defaultConfigurationIsVisible = 0;
			defaultConfigurationName = Release;
		};
		E450C753209FACFF00A6687D /* Build configuration list for PBXNativeTarget "test_core_ml_and_metalUITests" */ = {
			isa = XCConfigurationList;
			buildConfigurations = (
				E450C754209FACFF00A6687D /* Debug */,
				E450C755209FACFF00A6687D /* Release */,
			);
			defaultConfigurationIsVisible = 0;
			defaultConfigurationName = Release;
		};
/* End XCConfigurationList section */

/* Begin XCVersionGroup section */
		E450C72C209FACFF00A6687D /* test_core_ml_and_metal.xcdatamodeld */ = {
			isa = XCVersionGroup;
			children = (
				E450C72D209FACFF00A6687D /* test_core_ml_and_metal.xcdatamodel */,
			);
			currentVersion = E450C72D209FACFF00A6687D /* test_core_ml_and_metal.xcdatamodel */;
			path = test_core_ml_and_metal.xcdatamodeld;
			sourceTree = "<group>";
			versionGroupType = wrapper.xcdatamodel;
		};
/* End XCVersionGroup section */
	};
	rootObject = E450C71A209FACFF00A6687D /* Project object */;
}
